<Solution>
  <Configurations>
    <Platform Name="x64" />
    <Platform Name="x86" />
  </Configurations>
  <Project Path="ConsoleApplication1/ConsoleApplication1.vcxproj" Id="3eac1103-c5a8-415e-b09f-87a424e7cb6c" />
  <Project Path="Dll1/Dll1.vcxproj" Id="9627ebaa-d73b-4675-9839-00417de3ae4e" />
</Solution>
